
Microsoft Visual Studio Solution File, Format Version 12.00
# Visual Studio Version 17
VisualStudioVersion = 17.1.32210.238
MinimumVisualStudioVersion = 10.0.40219.1
Project("{2150E333-8FDC-42A3-9474-1A3956D46DE8}") = "Run", "Run", "{2DAF4C7E-14B0-4A5C-87E9-F2BE612EDEC5}"
EndProject
Project("{2150E333-8FDC-42A3-9474-1A3956D46DE8}") = "Develop", "Develop", "{D0FD1ABD-FC41-4C7B-B465-EDD657120D4A}"
EndProject
Project("{2150E333-8FDC-42A3-9474-1A3956D46DE8}") = "Common", "Common", "{40A33EC7-14EA-48CF-A06B-C1C3941D176A}"
EndProject
Project("{9A19103F-16F7-4668-BE54-9A1E7A4F7556}") = "Cdy.Ant.Tag", "Common\Cdy.Ant.Tag\Cdy.Ant.Tag.csproj", "{BDC9C4C5-8C23-468F-9C8D-A890F416502C}"
EndProject
Project("{9A19103F-16F7-4668-BE54-9A1E7A4F7556}") = "AntRuntime", "Run\AntRuntime\AntRuntime.csproj", "{35CB8542-7A5A-45BA-AACA-021F6D299DE9}"
EndProject
Project("{9A19103F-16F7-4668-BE54-9A1E7A4F7556}") = "InAntRun", "Run\InAntRun\InAntRun.csproj", "{3D611B56-D86D-4773-93FB-D2B80695D400}"
EndProject
Project("{9A19103F-16F7-4668-BE54-9A1E7A4F7556}") = "Cdy.Ant.MarsApi", "Run\Cdy.Ant.MarsApi\Cdy.Ant.MarsApi.csproj", "{09CAA5DD-B446-4C3A-88C0-90CDFE5A62B3}"
EndProject
Project("{9A19103F-16F7-4668-BE54-9A1E7A4F7556}") = "InAntDevelopServer", "Develop\InAntDevelopServer\InAntDevelopServer.csproj", "{ED2D1C95-A895-4E2B-AA32-4D6EA33DC78F}"
EndProject
Project("{9A19103F-16F7-4668-BE54-9A1E7A4F7556}") = "InAntStuidoServer", "Develop\InAntStuidoServer\InAntStuidoServer.csproj", "{85A25F85-267C-4B2F-9C05-3792A651EE21}"
EndProject
Project("{9A19103F-16F7-4668-BE54-9A1E7A4F7556}") = "InAntStudio", "Develop\InAntStudio\InAntStudio.csproj", "{1CB39C9F-DCC1-4538-B36E-CB083C1C6357}"
EndProject
Project("{9A19103F-16F7-4668-BE54-9A1E7A4F7556}") = "InAntDevelopServerClientApi", "Develop\InAntDevelopServerClientApi\InAntDevelopServerClientApi.csproj", "{72765DC4-5C18-4822-A227-CD97931A4B14}"
EndProject
Project("{9A19103F-16F7-4668-BE54-9A1E7A4F7556}") = "AntRutime.WebApi", "Run\AntRutime.WebApi\AntRutime.WebApi.csproj", "{7058FA5E-AD37-4B59-9E52-8A04FCF9874F}"
EndProject
Project("{9A19103F-16F7-4668-BE54-9A1E7A4F7556}") = "AntApiAndProxyConfigDevelop", "Develop\AntApiAndProxyConfigDevelop\AntApiAndProxyConfigDevelop.csproj", "{AF5F921F-3305-4FA2-BDD2-FEFD88747D7E}"
EndProject
Project("{9A19103F-16F7-4668-BE54-9A1E7A4F7556}") = "Cdy.Ant.CRUD", "Common\Cdy.Ant.CRUD\Cdy.Ant.CRUD.csproj", "{D2F27AE4-A4AF-4ECB-A2ED-65AC1249B71C}"
EndProject
Project("{9A19103F-16F7-4668-BE54-9A1E7A4F7556}") = "AntRuntime.GrpcApi", "Run\AntRuntime.GrpcApi\AntRuntime.GrpcApi.csproj", "{CA50731A-A3E0-4C40-B35A-EE5188AED609}"
EndProject
Project("{9A19103F-16F7-4668-BE54-9A1E7A4F7556}") = "AntRuntime.GrpcApi.Client", "Run\AntRuntime.GrpcApi.Client\AntRuntime.GrpcApi.Client.csproj", "{BF86A6D9-2E81-41BB-A363-34F49B2D4FEB}"
EndProject
Project("{2150E333-8FDC-42A3-9474-1A3956D46DE8}") = "Demo", "Demo", "{59DFEBFA-53D5-4CAD-932C-E9F51A7DBCA8}"
EndProject
Project("{9A19103F-16F7-4668-BE54-9A1E7A4F7556}") = "AntRuntime.GrpcClient.Demo", "Demo\AntRuntime.GrpcClient.Demo\AntRuntime.GrpcClient.Demo.csproj", "{C1F611EF-61FC-4426-837F-6FFBB598E7F5}"
EndProject
Project("{2150E333-8FDC-42A3-9474-1A3956D46DE8}") = "Test", "Test", "{CFAD0D91-324A-48E5-85A9-D97CCB707DB2}"
EndProject
Project("{FAE04EC0-301F-11D3-BF4B-00C04F79EFBC}") = "MessageServiceTest", "Test\MessageServiceTest\MessageServiceTest.csproj", "{6B9AC2FD-FC34-41C9-8DC4-89A6819F268C}"
EndProject
Global
	GlobalSection(SolutionConfigurationPlatforms) = preSolution
		Debug|Any CPU = Debug|Any CPU
		Release|Any CPU = Release|Any CPU
	EndGlobalSection
	GlobalSection(ProjectConfigurationPlatforms) = postSolution
		{BDC9C4C5-8C23-468F-9C8D-A890F416502C}.Debug|Any CPU.ActiveCfg = Debug|Any CPU
		{BDC9C4C5-8C23-468F-9C8D-A890F416502C}.Debug|Any CPU.Build.0 = Debug|Any CPU
		{BDC9C4C5-8C23-468F-9C8D-A890F416502C}.Release|Any CPU.ActiveCfg = Release|Any CPU
		{BDC9C4C5-8C23-468F-9C8D-A890F416502C}.Release|Any CPU.Build.0 = Release|Any CPU
		{35CB8542-7A5A-45BA-AACA-021F6D299DE9}.Debug|Any CPU.ActiveCfg = Debug|Any CPU
		{35CB8542-7A5A-45BA-AACA-021F6D299DE9}.Debug|Any CPU.Build.0 = Debug|Any CPU
		{35CB8542-7A5A-45BA-AACA-021F6D299DE9}.Release|Any CPU.ActiveCfg = Release|Any CPU
		{35CB8542-7A5A-45BA-AACA-021F6D299DE9}.Release|Any CPU.Build.0 = Release|Any CPU
		{3D611B56-D86D-4773-93FB-D2B80695D400}.Debug|Any CPU.ActiveCfg = Debug|Any CPU
		{3D611B56-D86D-4773-93FB-D2B80695D400}.Debug|Any CPU.Build.0 = Debug|Any CPU
		{3D611B56-D86D-4773-93FB-D2B80695D400}.Release|Any CPU.ActiveCfg = Release|Any CPU
		{3D611B56-D86D-4773-93FB-D2B80695D400}.Release|Any CPU.Build.0 = Release|Any CPU
		{09CAA5DD-B446-4C3A-88C0-90CDFE5A62B3}.Debug|Any CPU.ActiveCfg = Debug|Any CPU
		{09CAA5DD-B446-4C3A-88C0-90CDFE5A62B3}.Debug|Any CPU.Build.0 = Debug|Any CPU
		{09CAA5DD-B446-4C3A-88C0-90CDFE5A62B3}.Release|Any CPU.ActiveCfg = Release|Any CPU
		{09CAA5DD-B446-4C3A-88C0-90CDFE5A62B3}.Release|Any CPU.Build.0 = Release|Any CPU
		{ED2D1C95-A895-4E2B-AA32-4D6EA33DC78F}.Debug|Any CPU.ActiveCfg = Debug|Any CPU
		{ED2D1C95-A895-4E2B-AA32-4D6EA33DC78F}.Debug|Any CPU.Build.0 = Debug|Any CPU
		{ED2D1C95-A895-4E2B-AA32-4D6EA33DC78F}.Release|Any CPU.ActiveCfg = Release|Any CPU
		{ED2D1C95-A895-4E2B-AA32-4D6EA33DC78F}.Release|Any CPU.Build.0 = Release|Any CPU
		{85A25F85-267C-4B2F-9C05-3792A651EE21}.Debug|Any CPU.ActiveCfg = Debug|Any CPU
		{85A25F85-267C-4B2F-9C05-3792A651EE21}.Debug|Any CPU.Build.0 = Debug|Any CPU
		{85A25F85-267C-4B2F-9C05-3792A651EE21}.Release|Any CPU.ActiveCfg = Release|Any CPU
		{85A25F85-267C-4B2F-9C05-3792A651EE21}.Release|Any CPU.Build.0 = Release|Any CPU
		{1CB39C9F-DCC1-4538-B36E-CB083C1C6357}.Debug|Any CPU.ActiveCfg = Debug|Any CPU
		{1CB39C9F-DCC1-4538-B36E-CB083C1C6357}.Debug|Any CPU.Build.0 = Debug|Any CPU
		{1CB39C9F-DCC1-4538-B36E-CB083C1C6357}.Release|Any CPU.ActiveCfg = Release|Any CPU
		{1CB39C9F-DCC1-4538-B36E-CB083C1C6357}.Release|Any CPU.Build.0 = Release|Any CPU
		{72765DC4-5C18-4822-A227-CD97931A4B14}.Debug|Any CPU.ActiveCfg = Debug|Any CPU
		{72765DC4-5C18-4822-A227-CD97931A4B14}.Debug|Any CPU.Build.0 = Debug|Any CPU
		{72765DC4-5C18-4822-A227-CD97931A4B14}.Release|Any CPU.ActiveCfg = Release|Any CPU
		{72765DC4-5C18-4822-A227-CD97931A4B14}.Release|Any CPU.Build.0 = Release|Any CPU
		{7058FA5E-AD37-4B59-9E52-8A04FCF9874F}.Debug|Any CPU.ActiveCfg = Debug|Any CPU
		{7058FA5E-AD37-4B59-9E52-8A04FCF9874F}.Debug|Any CPU.Build.0 = Debug|Any CPU
		{7058FA5E-AD37-4B59-9E52-8A04FCF9874F}.Release|Any CPU.ActiveCfg = Release|Any CPU
		{7058FA5E-AD37-4B59-9E52-8A04FCF9874F}.Release|Any CPU.Build.0 = Release|Any CPU
		{AF5F921F-3305-4FA2-BDD2-FEFD88747D7E}.Debug|Any CPU.ActiveCfg = Debug|Any CPU
		{AF5F921F-3305-4FA2-BDD2-FEFD88747D7E}.Debug|Any CPU.Build.0 = Debug|Any CPU
		{AF5F921F-3305-4FA2-BDD2-FEFD88747D7E}.Release|Any CPU.ActiveCfg = Release|Any CPU
		{AF5F921F-3305-4FA2-BDD2-FEFD88747D7E}.Release|Any CPU.Build.0 = Release|Any CPU
		{D2F27AE4-A4AF-4ECB-A2ED-65AC1249B71C}.Debug|Any CPU.ActiveCfg = Debug|Any CPU
		{D2F27AE4-A4AF-4ECB-A2ED-65AC1249B71C}.Debug|Any CPU.Build.0 = Debug|Any CPU
		{D2F27AE4-A4AF-4ECB-A2ED-65AC1249B71C}.Release|Any CPU.ActiveCfg = Release|Any CPU
		{D2F27AE4-A4AF-4ECB-A2ED-65AC1249B71C}.Release|Any CPU.Build.0 = Release|Any CPU
		{CA50731A-A3E0-4C40-B35A-EE5188AED609}.Debug|Any CPU.ActiveCfg = Debug|Any CPU
		{CA50731A-A3E0-4C40-B35A-EE5188AED609}.Debug|Any CPU.Build.0 = Debug|Any CPU
		{CA50731A-A3E0-4C40-B35A-EE5188AED609}.Release|Any CPU.ActiveCfg = Release|Any CPU
		{CA50731A-A3E0-4C40-B35A-EE5188AED609}.Release|Any CPU.Build.0 = Release|Any CPU
		{BF86A6D9-2E81-41BB-A363-34F49B2D4FEB}.Debug|Any CPU.ActiveCfg = Debug|Any CPU
		{BF86A6D9-2E81-41BB-A363-34F49B2D4FEB}.Debug|Any CPU.Build.0 = Debug|Any CPU
		{BF86A6D9-2E81-41BB-A363-34F49B2D4FEB}.Release|Any CPU.ActiveCfg = Release|Any CPU
		{BF86A6D9-2E81-41BB-A363-34F49B2D4FEB}.Release|Any CPU.Build.0 = Release|Any CPU
		{C1F611EF-61FC-4426-837F-6FFBB598E7F5}.Debug|Any CPU.ActiveCfg = Debug|Any CPU
		{C1F611EF-61FC-4426-837F-6FFBB598E7F5}.Debug|Any CPU.Build.0 = Debug|Any CPU
		{C1F611EF-61FC-4426-837F-6FFBB598E7F5}.Release|Any CPU.ActiveCfg = Release|Any CPU
		{C1F611EF-61FC-4426-837F-6FFBB598E7F5}.Release|Any CPU.Build.0 = Release|Any CPU
		{6B9AC2FD-FC34-41C9-8DC4-89A6819F268C}.Debug|Any CPU.ActiveCfg = Debug|Any CPU
		{6B9AC2FD-FC34-41C9-8DC4-89A6819F268C}.Debug|Any CPU.Build.0 = Debug|Any CPU
		{6B9AC2FD-FC34-41C9-8DC4-89A6819F268C}.Release|Any CPU.ActiveCfg = Release|Any CPU
		{6B9AC2FD-FC34-41C9-8DC4-89A6819F268C}.Release|Any CPU.Build.0 = Release|Any CPU
	EndGlobalSection
	GlobalSection(SolutionProperties) = preSolution
		HideSolutionNode = FALSE
	EndGlobalSection
	GlobalSection(NestedProjects) = preSolution
		{BDC9C4C5-8C23-468F-9C8D-A890F416502C} = {40A33EC7-14EA-48CF-A06B-C1C3941D176A}
		{35CB8542-7A5A-45BA-AACA-021F6D299DE9} = {2DAF4C7E-14B0-4A5C-87E9-F2BE612EDEC5}
		{3D611B56-D86D-4773-93FB-D2B80695D400} = {2DAF4C7E-14B0-4A5C-87E9-F2BE612EDEC5}
		{09CAA5DD-B446-4C3A-88C0-90CDFE5A62B3} = {2DAF4C7E-14B0-4A5C-87E9-F2BE612EDEC5}
		{ED2D1C95-A895-4E2B-AA32-4D6EA33DC78F} = {D0FD1ABD-FC41-4C7B-B465-EDD657120D4A}
		{85A25F85-267C-4B2F-9C05-3792A651EE21} = {D0FD1ABD-FC41-4C7B-B465-EDD657120D4A}
		{1CB39C9F-DCC1-4538-B36E-CB083C1C6357} = {D0FD1ABD-FC41-4C7B-B465-EDD657120D4A}
		{72765DC4-5C18-4822-A227-CD97931A4B14} = {D0FD1ABD-FC41-4C7B-B465-EDD657120D4A}
		{7058FA5E-AD37-4B59-9E52-8A04FCF9874F} = {2DAF4C7E-14B0-4A5C-87E9-F2BE612EDEC5}
		{AF5F921F-3305-4FA2-BDD2-FEFD88747D7E} = {D0FD1ABD-FC41-4C7B-B465-EDD657120D4A}
		{D2F27AE4-A4AF-4ECB-A2ED-65AC1249B71C} = {40A33EC7-14EA-48CF-A06B-C1C3941D176A}
		{CA50731A-A3E0-4C40-B35A-EE5188AED609} = {2DAF4C7E-14B0-4A5C-87E9-F2BE612EDEC5}
		{BF86A6D9-2E81-41BB-A363-34F49B2D4FEB} = {2DAF4C7E-14B0-4A5C-87E9-F2BE612EDEC5}
		{C1F611EF-61FC-4426-837F-6FFBB598E7F5} = {59DFEBFA-53D5-4CAD-932C-E9F51A7DBCA8}
		{6B9AC2FD-FC34-41C9-8DC4-89A6819F268C} = {CFAD0D91-324A-48E5-85A9-D97CCB707DB2}
	EndGlobalSection
	GlobalSection(ExtensibilityGlobals) = postSolution
		SolutionGuid = {D298DE71-994E-4E0F-94CD-1FD0C85FE2DD}
	EndGlobalSection
EndGlobal
